
Microsoft Visual Studio Solution File, Format Version 12.00
# Visual Studio Version 16
VisualStudioVersion = 16.0.29418.71
MinimumVisualStudioVersion = 10.0.40219.1
Project("{9A19103F-16F7-4668-BE54-9A1E7A4F7556}") = "GingerMongoDB", "MongoDB\GingerMongoDB.csproj", "{77C79CE2-B596-408C-9683-2F7E9A79CB34}"
EndProject
Project("{9A19103F-16F7-4668-BE54-9A1E7A4F7556}") = "GingerMongoDBTest", "MongoDBTest\GingerMongoDBTest.csproj", "{6A74D681-5B37-4B1C-8DAE-3978976163A3}"
EndProject
Global
	GlobalSection(SolutionConfigurationPlatforms) = preSolution
		Debug|Any CPU = Debug|Any CPU
		Release|Any CPU = Release|Any CPU
	EndGlobalSection
	GlobalSection(ProjectConfigurationPlatforms) = postSolution
		{77C79CE2-B596-408C-9683-2F7E9A79CB34}.Debug|Any CPU.ActiveCfg = Debug|Any CPU
		{77C79CE2-B596-408C-9683-2F7E9A79CB34}.Debug|Any CPU.Build.0 = Debug|Any CPU
		{77C79CE2-B596-408C-9683-2F7E9A79CB34}.Release|Any CPU.ActiveCfg = Release|Any CPU
		{77C79CE2-B596-408C-9683-2F7E9A79CB34}.Release|Any CPU.Build.0 = Release|Any CPU
		{6A74D681-5B37-4B1C-8DAE-3978976163A3}.Debug|Any CPU.ActiveCfg = Debug|Any CPU
		{6A74D681-5B37-4B1C-8DAE-3978976163A3}.Debug|Any CPU.Build.0 = Debug|Any CPU
		{6A74D681-5B37-4B1C-8DAE-3978976163A3}.Release|Any CPU.ActiveCfg = Release|Any CPU
		{6A74D681-5B37-4B1C-8DAE-3978976163A3}.Release|Any CPU.Build.0 = Release|Any CPU
	EndGlobalSection
	GlobalSection(SolutionProperties) = preSolution
		HideSolutionNode = FALSE
	EndGlobalSection
	GlobalSection(ExtensibilityGlobals) = postSolution
		SolutionGuid = {E24A473C-AB71-48F2-A021-BBB64988B5F6}
	EndGlobalSection
EndGlobal
